
Microsoft Visual Studio Solution File, Format Version 12.00
# Visual Studio 15
VisualStudioVersion = 15.0.28307.852
MinimumVisualStudioVersion = 10.0.40219.1
Project("{FAE04EC0-301F-11D3-BF4B-00C04F79EFBC}") = "TestAADApp", "TestAADApp\TestAADApp.csproj", "{1737E7A8-E945-4A06-8F8E-B2694AEF2269}"
EndProject
Global
	GlobalSection(SolutionConfigurationPlatforms) = preSolution
		Debug|Any CPU = Debug|Any CPU
		Release|Any CPU = Release|Any CPU
	EndGlobalSection
	GlobalSection(ProjectConfigurationPlatforms) = postSolution
		{1737E7A8-E945-4A06-8F8E-B2694AEF2269}.Debug|Any CPU.ActiveCfg = Debug|Any CPU
		{1737E7A8-E945-4A06-8F8E-B2694AEF2269}.Debug|Any CPU.Build.0 = Debug|Any CPU
		{1737E7A8-E945-4A06-8F8E-B2694AEF2269}.Release|Any CPU.ActiveCfg = Release|Any CPU
		{1737E7A8-E945-4A06-8F8E-B2694AEF2269}.Release|Any CPU.Build.0 = Release|Any CPU
	EndGlobalSection
	GlobalSection(SolutionProperties) = preSolution
		HideSolutionNode = FALSE
	EndGlobalSection
	GlobalSection(ExtensibilityGlobals) = postSolution
		SolutionGuid = {78A4E29A-0A8B-41BB-914E-CE80CAD48A3F}
	EndGlobalSection
EndGlobal
